<?xml version="1.0" encoding="utf-8"?>
<Project ToolsVersion="4.0" xmlns="http://schemas.microsoft.com/developer/msbuild/2003">
  <ItemGroup>
    <Filter Include="Source Files">
      <UniqueIdentifier>{4FC737F1-C7A5-4376-A066-2A32D752A2FF}</UniqueIdentifier>
      <Extensions>cpp;c;cc;cxx;c++;cppm;ixx;def;odl;idl;hpj;bat;asm;asmx</Extensions>
    </Filter>
    <Filter Include="Header Files">
      <UniqueIdentifier>{93995380-89BD-4b04-88EB-625FBE52EBFB}</UniqueIdentifier>
      <Extensions>h;hh;hpp;hxx;h++;hm;inl;inc;ipp;xsd</Extensions>
    </Filter>
    <Filter Include="Resource Files">
      <UniqueIdentifier>{67DA6AB6-F800-4c08-8B7A-83BB121AAD01}</UniqueIdentifier>
      <Extensions>rc;ico;cur;bmp;dlg;rc2;rct;bin;rgs;gif;jpg;jpeg;jpe;resx;tiff;tif;png;wav;mfcribbon-ms</Extensions>
    </Filter>
    <Filter Include="Header Files\vkt3">
      <UniqueIdentifier>{d832112e-05b5-405b-9fa7-f1f51675af9a}</UniqueIdentifier>
    </Filter>
    <Filter Include="Header Files\vkh">
      <UniqueIdentifier>{a10af06c-fe31-4962-8e0f-3af261cac825}</UniqueIdentifier>
    </Filter>
    <Filter Include="Header Files\JiviX">
      <UniqueIdentifier>{d1d3dcb2-b608-489b-bab4-ebb15f425e59}</UniqueIdentifier>
    </Filter>
    <Filter Include="Header Files\JiviX\JVI">
      <UniqueIdentifier>{20762dfb-a6c5-4808-9f80-40208eb88ea1}</UniqueIdentifier>
    </Filter>
    <Filter Include="Header Files\vma">
      <UniqueIdentifier>{43a76bf7-c97f-486b-b29a-1d30656f9334}</UniqueIdentifier>
    </Filter>
    <Filter Include="Header Files\glm">
      <UniqueIdentifier>{7952eb8e-b58f-413d-accf-f7f227585cac}</UniqueIdentifier>
    </Filter>
    <Filter Include="Header Files\misc">
      <UniqueIdentifier>{6d02433e-8695-4024-9619-5a8942bb50dd}</UniqueIdentifier>
    </Filter>
    <Filter Include="Header Files\xvk">
      <UniqueIdentifier>{f3958e6b-da1d-425e-b86d-70a521130588}</UniqueIdentifier>
    </Filter>
    <Filter Include="Header Files\tinyobjloader">
      <UniqueIdentifier>{d28a512b-2dc2-410c-8b6b-9ac878af123e}</UniqueIdentifier>
    </Filter>
  </ItemGroup>
  <ItemGroup>
    <ClInclude Include="..\src\pch.hpp">
      <Filter>Source Files</Filter>
    </ClInclude>
    <ClInclude Include="..\..\..\..\vkt\include\vkh\bitfields.hpp">
      <Filter>Header Files\vkh</Filter>
    </ClInclude>
    <ClInclude Include="..\..\..\..\vkt\include\vkt3\core.hpp">
      <Filter>Header Files\vkh</Filter>
    </ClInclude>
    <ClInclude Include="..\..\..\..\vkt\include\vkh\enums.hpp">
      <Filter>Header Files\vkh</Filter>
    </ClInclude>
    <ClInclude Include="..\..\..\..\vkt\include\vkh\handle.hpp">
      <Filter>Header Files\vkh</Filter>
    </ClInclude>
    <ClInclude Include="..\..\..\..\vkt\include\vkh\helpers.hpp">
      <Filter>Header Files\vkh</Filter>
    </ClInclude>
    <ClInclude Include="..\..\..\..\vkt\include\vkh\matching.hpp">
      <Filter>Header Files\vkh</Filter>
    </ClInclude>
    <ClInclude Include="..\..\..\..\vkt\include\vkh\structures.hpp">
      <Filter>Header Files\vkh</Filter>
    </ClInclude>
    <ClInclude Include="..\..\..\..\vkt\include\vkt3\essential.hpp">
      <Filter>Header Files\vkt3</Filter>
    </ClInclude>
    <ClInclude Include="..\..\..\..\vkt\include\vkt3\fw.hpp">
      <Filter>Header Files\vkt3</Filter>
    </ClInclude>
    <ClInclude Include="..\..\..\..\vkt\include\vkt3\image.hpp">
      <Filter>Header Files\vkt3</Filter>
    </ClInclude>
    <ClInclude Include="..\..\..\..\vkt\include\vkt3\structs.hpp">
      <Filter>Header Files\vkt3</Filter>
    </ClInclude>
    <ClInclude Include="..\..\..\..\vkt\include\vkt3\utils.hpp">
      <Filter>Header Files\vkt3</Filter>
    </ClInclude>
    <ClInclude Include="..\..\..\..\vkt\include\vkt3\vector.hpp">
      <Filter>Header Files\vkt3</Filter>
    </ClInclude>
    <ClInclude Include="..\..\..\include\JiviX\JVI\bview-set.hpp">
      <Filter>Header Files\JiviX\JVI</Filter>
    </ClInclude>
    <ClInclude Include="..\..\..\include\JiviX\JVI\config.hpp">
      <Filter>Header Files\JiviX\JVI</Filter>
    </ClInclude>
    <ClInclude Include="..\..\..\include\JiviX\JVI\context.hpp">
      <Filter>Header Files\JiviX\JVI</Filter>
    </ClInclude>
    <ClInclude Include="..\..\..\include\JiviX\JVI\driver.hpp">
      <Filter>Header Files\JiviX\JVI</Filter>
    </ClInclude>
    <ClInclude Include="..\..\..\include\JiviX\JVI\JiviX.hpp">
      <Filter>Header Files\JiviX\JVI</Filter>
    </ClInclude>
    <ClInclude Include="..\..\..\include\JiviX\JVI\material.hpp">
      <Filter>Header Files\JiviX\JVI</Filter>
    </ClInclude>
    <ClInclude Include="..\..\..\include\JiviX\JVI\mesh-binding.hpp">
      <Filter>Header Files\JiviX\JVI</Filter>
    </ClInclude>
    <ClInclude Include="..\..\..\include\JiviX\JVI\mesh-input.hpp">
      <Filter>Header Files\JiviX\JVI</Filter>
    </ClInclude>
    <ClInclude Include="..\..\..\include\JiviX\JVI\node.hpp">
      <Filter>Header Files\JiviX\JVI</Filter>
    </ClInclude>
    <ClInclude Include="..\..\..\include\JiviX\JVI\renderer.hpp">
      <Filter>Header Files\JiviX\JVI</Filter>
    </ClInclude>
    <ClInclude Include="..\..\..\include\JiviX\JVI\thread.hpp">
      <Filter>Header Files\JiviX\JVI</Filter>
    </ClInclude>
    <ClInclude Include="..\..\..\include\JiviX\context.hpp">
      <Filter>Header Files\JiviX</Filter>
    </ClInclude>
    <ClInclude Include="..\..\..\include\JiviX\core.hpp">
      <Filter>Header Files\JiviX</Filter>
    </ClInclude>
    <ClInclude Include="..\..\..\include\JiviX\driver.hpp">
      <Filter>Header Files\JiviX</Filter>
    </ClInclude>
    <ClInclude Include="..\..\..\include\JiviX\JiviX.hpp">
      <Filter>Header Files\JiviX</Filter>
    </ClInclude>
    <ClInclude Include="..\..\..\include\JiviX\material.hpp">
      <Filter>Header Files\JiviX</Filter>
    </ClInclude>
    <ClInclude Include="..\..\..\include\JiviX\mesh.hpp">
      <Filter>Header Files\JiviX</Filter>
    </ClInclude>
    <ClInclude Include="..\..\..\include\JiviX\node.hpp">
      <Filter>Header Files\JiviX</Filter>
    </ClInclude>
    <ClInclude Include="..\..\..\include\JiviX\renderer.hpp">
      <Filter>Header Files\JiviX</Filter>
    </ClInclude>
    <ClInclude Include="..\..\..\include\JiviX\thread.hpp">
      <Filter>Header Files\JiviX</Filter>
    </ClInclude>
    <ClInclude Include="..\..\..\..\vkt\include\vma\vk_mem_alloc.h">
      <Filter>Header Files\vma</Filter>
    </ClInclude>
    <ClInclude Include="..\..\..\..\vkt\include\misc\args.hxx">
      <Filter>Header Files\misc</Filter>
    </ClInclude>
    <ClInclude Include="..\..\..\..\vkt\include\misc\catch.hpp">
      <Filter>Header Files\misc</Filter>
    </ClInclude>
    <ClInclude Include="..\..\..\..\vkt\include\misc\half.hpp">
      <Filter>Header Files\misc</Filter>
    </ClInclude>
    <ClInclude Include="..\..\..\..\vkt\include\misc\json.hpp">
      <Filter>Header Files\misc</Filter>
    </ClInclude>
    <ClInclude Include="..\..\..\..\vkt\include\misc\pcg_extras.hpp">
      <Filter>Header Files\misc</Filter>
    </ClInclude>
    <ClInclude Include="..\..\..\..\vkt\include\misc\pcg_random.hpp">
      <Filter>Header Files\misc</Filter>
    </ClInclude>
    <ClInclude Include="..\..\..\..\vkt\include\misc\pcg_uint128.hpp">
      <Filter>Header Files\misc</Filter>
    </ClInclude>
    <ClInclude Include="..\..\..\..\vkt\include\misc\soa_vector.hpp">
      <Filter>Header Files\misc</Filter>
    </ClInclude>
    <ClInclude Include="..\..\..\..\vkt\include\misc\stb_image.h">
      <Filter>Header Files\misc</Filter>
    </ClInclude>
    <ClInclude Include="..\..\..\..\vkt\include\misc\stb_image_write.h">
      <Filter>Header Files\misc</Filter>
    </ClInclude>
    <ClInclude Include="..\..\..\..\vkt\include\misc\tiny_gltf.h">
      <Filter>Header Files\misc</Filter>
    </ClInclude>
    <ClInclude Include="..\..\..\..\vkt\include\misc\tinyexr.h">
      <Filter>Header Files\misc</Filter>
    </ClInclude>
    <ClInclude Include="..\..\..\..\vkt\include\xvk\xvk.hpp">
      <Filter>Header Files\xvk</Filter>
    </ClInclude>
    <ClInclude Include="..\..\..\..\vkt\include\xvk\xvkBase.hpp">
      <Filter>Header Files\xvk</Filter>
    </ClInclude>
    <ClInclude Include="..\..\..\..\vkt\include\xvk\xvkInterface.h">
      <Filter>Header Files\xvk</Filter>
    </ClInclude>
    <ClInclude Include="..\..\..\..\vkt\include\xvk\xvkInterface.hpp">
      <Filter>Header Files\xvk</Filter>
    </ClInclude>
    <ClInclude Include="..\include\tinyobjloader\tiny_obj_loader.h">
      <Filter>Header Files\tinyobjloader</Filter>
    </ClInclude>
  </ItemGroup>
  <ItemGroup>
    <ClCompile Include="..\src\pch.cpp">
      <Filter>Source Files</Filter>
    </ClCompile>
    <ClCompile Include="..\src-lib\main.cpp">
      <Filter>Source Files</Filter>
    </ClCompile>
    <ClCompile Include="..\include\tinyobjloader\tiny_obj_loader.cc">
      <Filter>Header Files\tinyobjloader</Filter>
    </ClCompile>
  </ItemGroup>
  <ItemGroup>
    <None Include="..\..\..\..\vkt\include\vkt3\readme.md">
      <Filter>Header Files\vkt3</Filter>
    </None>
    <None Include="..\..\..\include\JiviX\JVI\readme.md">
      <Filter>Header Files\JiviX\JVI</Filter>
    </None>
  </ItemGroup>
  <ItemGroup>
    <Natvis Include="..\..\..\..\vkt\include\vma\vk_mem_alloc.natvis">
      <Filter>Header Files\vma</Filter>
    </Natvis>
  </ItemGroup>
</Project>